
Microsoft Visual Studio Solution File, Format Version 12.00
# Visual Studio Version 17
VisualStudioVersion = 17.5.33530.505
MinimumVisualStudioVersion = 10.0.40219.1
Project("{9A19103F-16F7-4668-BE54-9A1E7A4F7556}") = "ConsoleAppTwo", "ConsoleAppTwo\ConsoleAppTwo.csproj", "{C5A508A1-62E0-4987-9401-4E2AAE5DDF46}"
EndProject
Project("{9A19103F-16F7-4668-BE54-9A1E7A4F7556}") = "ConsoleAppOne", "ConsoleAppOne\ConsoleAppOne.csproj", "{E57A5E5E-B85A-4441-92AB-BEB861E6BD08}"
EndProject
Project("{9A19103F-16F7-4668-BE54-9A1E7A4F7556}") = "ConsoleAppThree", "ConsoleAppThree\ConsoleAppThree.csproj", "{A683A952-7EB2-4C35-BF2B-53D4C29417C6}"
EndProject
Project("{9A19103F-16F7-4668-BE54-9A1E7A4F7556}") = "ConsoleAppFour", "ConsoleAppFour\ConsoleAppFour.csproj", "{DF763B9A-0087-4BA9-81FB-A8D9082F406B}"
EndProject
Project("{9A19103F-16F7-4668-BE54-9A1E7A4F7556}") = "ConsoleAppFive", "ConsoleAppFive\ConsoleAppFive.csproj", "{3D4DD2BA-F0A4-478F-B85E-C1BFFE406F10}"
EndProject
Project("{FAE04EC0-301F-11D3-BF4B-00C04F79EFBC}") = "ConsoleAppSix", "ConsoleAppSix\ConsoleAppSix.csproj", "{C13C4375-8BF3-4524-8E5A-659B4B7BFAC8}"
EndProject
Global
	GlobalSection(SolutionConfigurationPlatforms) = preSolution
		Debug|Any CPU = Debug|Any CPU
		Release|Any CPU = Release|Any CPU
	EndGlobalSection
	GlobalSection(ProjectConfigurationPlatforms) = postSolution
		{C5A508A1-62E0-4987-9401-4E2AAE5DDF46}.Debug|Any CPU.ActiveCfg = Debug|Any CPU
		{C5A508A1-62E0-4987-9401-4E2AAE5DDF46}.Debug|Any CPU.Build.0 = Debug|Any CPU
		{C5A508A1-62E0-4987-9401-4E2AAE5DDF46}.Release|Any CPU.ActiveCfg = Release|Any CPU
		{C5A508A1-62E0-4987-9401-4E2AAE5DDF46}.Release|Any CPU.Build.0 = Release|Any CPU
		{E57A5E5E-B85A-4441-92AB-BEB861E6BD08}.Debug|Any CPU.ActiveCfg = Debug|Any CPU
		{E57A5E5E-B85A-4441-92AB-BEB861E6BD08}.Debug|Any CPU.Build.0 = Debug|Any CPU
		{E57A5E5E-B85A-4441-92AB-BEB861E6BD08}.Release|Any CPU.ActiveCfg = Release|Any CPU
		{E57A5E5E-B85A-4441-92AB-BEB861E6BD08}.Release|Any CPU.Build.0 = Release|Any CPU
		{A683A952-7EB2-4C35-BF2B-53D4C29417C6}.Debug|Any CPU.ActiveCfg = Debug|Any CPU
		{A683A952-7EB2-4C35-BF2B-53D4C29417C6}.Debug|Any CPU.Build.0 = Debug|Any CPU
		{A683A952-7EB2-4C35-BF2B-53D4C29417C6}.Release|Any CPU.ActiveCfg = Release|Any CPU
		{A683A952-7EB2-4C35-BF2B-53D4C29417C6}.Release|Any CPU.Build.0 = Release|Any CPU
		{DF763B9A-0087-4BA9-81FB-A8D9082F406B}.Debug|Any CPU.ActiveCfg = Debug|Any CPU
		{DF763B9A-0087-4BA9-81FB-A8D9082F406B}.Debug|Any CPU.Build.0 = Debug|Any CPU
		{DF763B9A-0087-4BA9-81FB-A8D9082F406B}.Release|Any CPU.ActiveCfg = Release|Any CPU
		{DF763B9A-0087-4BA9-81FB-A8D9082F406B}.Release|Any CPU.Build.0 = Release|Any CPU
		{3D4DD2BA-F0A4-478F-B85E-C1BFFE406F10}.Debug|Any CPU.ActiveCfg = Debug|Any CPU
		{3D4DD2BA-F0A4-478F-B85E-C1BFFE406F10}.Debug|Any CPU.Build.0 = Debug|Any CPU
		{3D4DD2BA-F0A4-478F-B85E-C1BFFE406F10}.Release|Any CPU.ActiveCfg = Release|Any CPU
		{3D4DD2BA-F0A4-478F-B85E-C1BFFE406F10}.Release|Any CPU.Build.0 = Release|Any CPU
		{C13C4375-8BF3-4524-8E5A-659B4B7BFAC8}.Debug|Any CPU.ActiveCfg = Debug|Any CPU
		{C13C4375-8BF3-4524-8E5A-659B4B7BFAC8}.Debug|Any CPU.Build.0 = Debug|Any CPU
		{C13C4375-8BF3-4524-8E5A-659B4B7BFAC8}.Release|Any CPU.ActiveCfg = Release|Any CPU
		{C13C4375-8BF3-4524-8E5A-659B4B7BFAC8}.Release|Any CPU.Build.0 = Release|Any CPU
	EndGlobalSection
	GlobalSection(SolutionProperties) = preSolution
		HideSolutionNode = FALSE
	EndGlobalSection
	GlobalSection(ExtensibilityGlobals) = postSolution
		SolutionGuid = {A9D5EB15-7374-4C6F-A27F-9EBEC8BDDC48}
	EndGlobalSection
EndGlobal
